// !$*UTF8*$!
{
	archiveVersion = 1;
	classes = {
	};
	objectVersion = 56;
	objects = {

/* Begin PBXBuildFile section */
		AF0594262947CCAB0036CEF6 /* RickAndMortyTests.swift in Sources */ = {isa = PBXBuildFile; fileRef = AF0594252947CCAB0036CEF6 /* RickAndMortyTests.swift */; };
		AF72C77F29574F5D007A2CA8 /* LaunchScreen.storyboard in Resources */ = {isa = PBXBuildFile; fileRef = AF72C77E29574F5D007A2CA8 /* LaunchScreen.storyboard */; };
		AF72C78129574F6E007A2CA8 /* rick_and_morty.png in Resources */ = {isa = PBXBuildFile; fileRef = AF72C78029574F6E007A2CA8 /* rick_and_morty.png */; };
		AF72C7A629634CFB007A2CA8 /* RMCharacter+Preview.swift in Sources */ = {isa = PBXBuildFile; fileRef = AF72C7A529634CFB007A2CA8 /* RMCharacter+Preview.swift */; };
		AF99307C2946B1C100B7FD01 /* RickAndMortyApp.swift in Sources */ = {isa = PBXBuildFile; fileRef = AF99307B2946B1C100B7FD01 /* RickAndMortyApp.swift */; };
		AF99307E2946B1C100B7FD01 /* Characters.swift in Sources */ = {isa = PBXBuildFile; fileRef = AF99307D2946B1C100B7FD01 /* Characters.swift */; };
		AF9930802946B1C300B7FD01 /* Assets.xcassets in Resources */ = {isa = PBXBuildFile; fileRef = AF99307F2946B1C300B7FD01 /* Assets.xcassets */; };
		AF9930832946B1C300B7FD01 /* Preview Assets.xcassets in Resources */ = {isa = PBXBuildFile; fileRef = AF9930822946B1C300B7FD01 /* Preview Assets.xcassets */; };
		AF99308C2946B2BA00B7FD01 /* Character.swift in Sources */ = {isa = PBXBuildFile; fileRef = AF99308B2946B2BA00B7FD01 /* Character.swift */; };
		AF99308E2946B3C100B7FD01 /* CharacterRow.swift in Sources */ = {isa = PBXBuildFile; fileRef = AF99308D2946B3C100B7FD01 /* CharacterRow.swift */; };
		AF9930902946B5CB00B7FD01 /* CharacterDetails.swift in Sources */ = {isa = PBXBuildFile; fileRef = AF99308F2946B5CB00B7FD01 /* CharacterDetails.swift */; };
		AF9930972946C68D00B7FD01 /* AvatarUi.swift in Sources */ = {isa = PBXBuildFile; fileRef = AF9930962946C68D00B7FD01 /* AvatarUi.swift */; };
		AFD5EBCA294B9FC600E6DF7A /* TestData.swift in Sources */ = {isa = PBXBuildFile; fileRef = AFD5EBC9294B9FC600E6DF7A /* TestData.swift */; };
		AFD5EBCC294BA24100E6DF7A /* TestDownloader.swift in Sources */ = {isa = PBXBuildFile; fileRef = AFD5EBCB294BA24100E6DF7A /* TestDownloader.swift */; };
		AFD5EBCE294BA25500E6DF7A /* HTTPDataDownloader.swift in Sources */ = {isa = PBXBuildFile; fileRef = AFD5EBCD294BA25500E6DF7A /* HTTPDataDownloader.swift */; };
		AFD5EBD0294BA27E00E6DF7A /* CharacterError.swift in Sources */ = {isa = PBXBuildFile; fileRef = AFD5EBCF294BA27E00E6DF7A /* CharacterError.swift */; };
		AFD5EBD2294BA29900E6DF7A /* CharacterClient.swift in Sources */ = {isa = PBXBuildFile; fileRef = AFD5EBD1294BA29900E6DF7A /* CharacterClient.swift */; };
		AFD5EBD5294BA2DF00E6DF7A /* NSCache+Subscript.swift in Sources */ = {isa = PBXBuildFile; fileRef = AFD5EBD3294BA2DE00E6DF7A /* NSCache+Subscript.swift */; };
		AFD5EBD6294BA2DF00E6DF7A /* CacheEntryObject.swift in Sources */ = {isa = PBXBuildFile; fileRef = AFD5EBD4294BA2DF00E6DF7A /* CacheEntryObject.swift */; };
		AFD5EBD8294BA9E900E6DF7A /* CharacterProvider.swift in Sources */ = {isa = PBXBuildFile; fileRef = AFD5EBD7294BA9E900E6DF7A /* CharacterProvider.swift */; };
		AFD5EBE0294BAB0E00E6DF7A /* EditButton.swift in Sources */ = {isa = PBXBuildFile; fileRef = AFD5EBDA294BAB0E00E6DF7A /* EditButton.swift */; };
		AFD5EBE1294BAB0E00E6DF7A /* SelectButton.swift in Sources */ = {isa = PBXBuildFile; fileRef = AFD5EBDB294BAB0E00E6DF7A /* SelectButton.swift */; };
		AFD5EBE2294BAB0E00E6DF7A /* RefreshButton.swift in Sources */ = {isa = PBXBuildFile; fileRef = AFD5EBDC294BAB0E00E6DF7A /* RefreshButton.swift */; };
		AFD5EBE3294BAB0E00E6DF7A /* DeleteButton.swift in Sources */ = {isa = PBXBuildFile; fileRef = AFD5EBDD294BAB0E00E6DF7A /* DeleteButton.swift */; };
		AFD5EBE4294BAB0E00E6DF7A /* Characters+Toolbar.swift in Sources */ = {isa = PBXBuildFile; fileRef = AFD5EBDE294BAB0E00E6DF7A /* Characters+Toolbar.swift */; };
		AFD5EBE5294BAB0E00E6DF7A /* ToolbarStatus.swift in Sources */ = {isa = PBXBuildFile; fileRef = AFD5EBDF294BAB0E00E6DF7A /* ToolbarStatus.swift */; };
		AFD5EBE7294CC2D300E6DF7A /* DateFormatter+Iso8601Full.swift in Sources */ = {isa = PBXBuildFile; fileRef = AFD5EBE6294CC2D300E6DF7A /* DateFormatter+Iso8601Full.swift */; };
/* End PBXBuildFile section */

/* Begin PBXContainerItemProxy section */
		AF0594272947CCAB0036CEF6 /* PBXContainerItemProxy */ = {
			isa = PBXContainerItemProxy;
			containerPortal = AF9930702946B1C100B7FD01 /* Project object */;
			proxyType = 1;
			remoteGlobalIDString = AF9930772946B1C100B7FD01;
			remoteInfo = RickAndMorty;
		};
/* End PBXContainerItemProxy section */

/* Begin PBXFileReference section */
		AF0594232947CCAB0036CEF6 /* RickAndMortyTests.xctest */ = {isa = PBXFileReference; explicitFileType = wrapper.cfbundle; includeInIndex = 0; path = RickAndMortyTests.xctest; sourceTree = BUILT_PRODUCTS_DIR; };
		AF0594252947CCAB0036CEF6 /* RickAndMortyTests.swift */ = {isa = PBXFileReference; lastKnownFileType = sourcecode.swift; path = RickAndMortyTests.swift; sourceTree = "<group>"; };
		AF72C77E29574F5D007A2CA8 /* LaunchScreen.storyboard */ = {isa = PBXFileReference; lastKnownFileType = file.storyboard; path = LaunchScreen.storyboard; sourceTree = "<group>"; };
		AF72C78029574F6E007A2CA8 /* rick_and_morty.png */ = {isa = PBXFileReference; lastKnownFileType = image.png; name = rick_and_morty.png; path = ../../../assets/rick_and_morty.png; sourceTree = "<group>"; };
		AF72C7A529634CFB007A2CA8 /* RMCharacter+Preview.swift */ = {isa = PBXFileReference; fileEncoding = 4; lastKnownFileType = sourcecode.swift; path = "RMCharacter+Preview.swift"; sourceTree = "<group>"; };
		AF9930782946B1C100B7FD01 /* RickAndMorty.app */ = {isa = PBXFileReference; explicitFileType = wrapper.application; includeInIndex = 0; path = RickAndMorty.app; sourceTree = BUILT_PRODUCTS_DIR; };
		AF99307B2946B1C100B7FD01 /* RickAndMortyApp.swift */ = {isa = PBXFileReference; lastKnownFileType = sourcecode.swift; path = RickAndMortyApp.swift; sourceTree = "<group>"; };
		AF99307D2946B1C100B7FD01 /* Characters.swift */ = {isa = PBXFileReference; lastKnownFileType = sourcecode.swift; path = Characters.swift; sourceTree = "<group>"; };
		AF99307F2946B1C300B7FD01 /* Assets.xcassets */ = {isa = PBXFileReference; lastKnownFileType = folder.assetcatalog; path = Assets.xcassets; sourceTree = "<group>"; };
		AF9930822946B1C300B7FD01 /* Preview Assets.xcassets */ = {isa = PBXFileReference; lastKnownFileType = folder.assetcatalog; path = "Preview Assets.xcassets"; sourceTree = "<group>"; };
		AF99308B2946B2BA00B7FD01 /* Character.swift */ = {isa = PBXFileReference; lastKnownFileType = sourcecode.swift; path = Character.swift; sourceTree = "<group>"; };
		AF99308D2946B3C100B7FD01 /* CharacterRow.swift */ = {isa = PBXFileReference; lastKnownFileType = sourcecode.swift; path = CharacterRow.swift; sourceTree = "<group>"; };
		AF99308F2946B5CB00B7FD01 /* CharacterDetails.swift */ = {isa = PBXFileReference; lastKnownFileType = sourcecode.swift; path = CharacterDetails.swift; sourceTree = "<group>"; };
		AF9930962946C68D00B7FD01 /* AvatarUi.swift */ = {isa = PBXFileReference; lastKnownFileType = sourcecode.swift; path = AvatarUi.swift; sourceTree = "<group>"; };
		AFD5EBC9294B9FC600E6DF7A /* TestData.swift */ = {isa = PBXFileReference; lastKnownFileType = sourcecode.swift; path = TestData.swift; sourceTree = "<group>"; };
		AFD5EBCB294BA24100E6DF7A /* TestDownloader.swift */ = {isa = PBXFileReference; fileEncoding = 4; lastKnownFileType = sourcecode.swift; path = TestDownloader.swift; sourceTree = "<group>"; };
		AFD5EBCD294BA25500E6DF7A /* HTTPDataDownloader.swift */ = {isa = PBXFileReference; fileEncoding = 4; lastKnownFileType = sourcecode.swift; path = HTTPDataDownloader.swift; sourceTree = "<group>"; };
		AFD5EBCF294BA27E00E6DF7A /* CharacterError.swift */ = {isa = PBXFileReference; fileEncoding = 4; lastKnownFileType = sourcecode.swift; path = CharacterError.swift; sourceTree = "<group>"; };
		AFD5EBD1294BA29900E6DF7A /* CharacterClient.swift */ = {isa = PBXFileReference; fileEncoding = 4; lastKnownFileType = sourcecode.swift; path = CharacterClient.swift; sourceTree = "<group>"; };
		AFD5EBD3294BA2DE00E6DF7A /* NSCache+Subscript.swift */ = {isa = PBXFileReference; fileEncoding = 4; lastKnownFileType = sourcecode.swift; path = "NSCache+Subscript.swift"; sourceTree = "<group>"; };
		AFD5EBD4294BA2DF00E6DF7A /* CacheEntryObject.swift */ = {isa = PBXFileReference; fileEncoding = 4; lastKnownFileType = sourcecode.swift; path = CacheEntryObject.swift; sourceTree = "<group>"; };
		AFD5EBD7294BA9E900E6DF7A /* CharacterProvider.swift */ = {isa = PBXFileReference; fileEncoding = 4; lastKnownFileType = sourcecode.swift; path = CharacterProvider.swift; sourceTree = "<group>"; };
		AFD5EBDA294BAB0E00E6DF7A /* EditButton.swift */ = {isa = PBXFileReference; fileEncoding = 4; lastKnownFileType = sourcecode.swift; path = EditButton.swift; sourceTree = "<group>"; };
		AFD5EBDB294BAB0E00E6DF7A /* SelectButton.swift */ = {isa = PBXFileReference; fileEncoding = 4; lastKnownFileType = sourcecode.swift; path = SelectButton.swift; sourceTree = "<group>"; };
		AFD5EBDC294BAB0E00E6DF7A /* RefreshButton.swift */ = {isa = PBXFileReference; fileEncoding = 4; lastKnownFileType = sourcecode.swift; path = RefreshButton.swift; sourceTree = "<group>"; };
		AFD5EBDD294BAB0E00E6DF7A /* DeleteButton.swift */ = {isa = PBXFileReference; fileEncoding = 4; lastKnownFileType = sourcecode.swift; path = DeleteButton.swift; sourceTree = "<group>"; };
		AFD5EBDE294BAB0E00E6DF7A /* Characters+Toolbar.swift */ = {isa = PBXFileReference; fileEncoding = 4; lastKnownFileType = sourcecode.swift; path = "Characters+Toolbar.swift"; sourceTree = "<group>"; };
		AFD5EBDF294BAB0E00E6DF7A /* ToolbarStatus.swift */ = {isa = PBXFileReference; fileEncoding = 4; lastKnownFileType = sourcecode.swift; path = ToolbarStatus.swift; sourceTree = "<group>"; };
		AFD5EBE6294CC2D300E6DF7A /* DateFormatter+Iso8601Full.swift */ = {isa = PBXFileReference; lastKnownFileType = sourcecode.swift; path = "DateFormatter+Iso8601Full.swift"; sourceTree = "<group>"; };
/* End PBXFileReference section */

/* Begin PBXFrameworksBuildPhase section */
		AF0594202947CCAB0036CEF6 /* Frameworks */ = {
			isa = PBXFrameworksBuildPhase;
			buildActionMask = 2147483647;
			files = (
			);
			runOnlyForDeploymentPostprocessing = 0;
		};
		AF9930752946B1C100B7FD01 /* Frameworks */ = {
			isa = PBXFrameworksBuildPhase;
			buildActionMask = 2147483647;
			files = (
			);
			runOnlyForDeploymentPostprocessing = 0;
		};
/* End PBXFrameworksBuildPhase section */

/* Begin PBXGroup section */
		AF0594242947CCAB0036CEF6 /* RickAndMortyTests */ = {
			isa = PBXGroup;
			children = (
				AF0594252947CCAB0036CEF6 /* RickAndMortyTests.swift */,
			);
			path = RickAndMortyTests;
			sourceTree = "<group>";
		};
		AF05942C294B955B0036CEF6 /* Models */ = {
			isa = PBXGroup;
			children = (
				AF99308B2946B2BA00B7FD01 /* Character.swift */,
				AFD5EBCF294BA27E00E6DF7A /* CharacterError.swift */,
				AFD5EBD1294BA29900E6DF7A /* CharacterClient.swift */,
				AFD5EBD7294BA9E900E6DF7A /* CharacterProvider.swift */,
				AFD5EBD4294BA2DF00E6DF7A /* CacheEntryObject.swift */,
				AFD5EBD3294BA2DE00E6DF7A /* NSCache+Subscript.swift */,
				AFD5EBCD294BA25500E6DF7A /* HTTPDataDownloader.swift */,
			);
			path = Models;
			sourceTree = "<group>";
		};
		AF05942D294B956B0036CEF6 /* PreviewContent */ = {
			isa = PBXGroup;
			children = (
				AF72C7A529634CFB007A2CA8 /* RMCharacter+Preview.swift */,
			);
			path = PreviewContent;
			sourceTree = "<group>";
		};
		AF05942E294B95F60036CEF6 /* Ressources */ = {
			isa = PBXGroup;
			children = (
				AF99307F2946B1C300B7FD01 /* Assets.xcassets */,
				AF72C77E29574F5D007A2CA8 /* LaunchScreen.storyboard */,
				AF72C78029574F6E007A2CA8 /* rick_and_morty.png */,
			);
			path = Ressources;
			sourceTree = "<group>";
		};
		AF99306F2946B1C100B7FD01 = {
			isa = PBXGroup;
			children = (
				AF99307A2946B1C100B7FD01 /* RickAndMorty */,
				AF9930792946B1C100B7FD01 /* Products */,
			);
			sourceTree = "<group>";
		};
		AF9930792946B1C100B7FD01 /* Products */ = {
			isa = PBXGroup;
			children = (
				AF9930782946B1C100B7FD01 /* RickAndMorty.app */,
				AF0594232947CCAB0036CEF6 /* RickAndMortyTests.xctest */,
			);
			name = Products;
			sourceTree = "<group>";
		};
		AF99307A2946B1C100B7FD01 /* RickAndMorty */ = {
			isa = PBXGroup;
			children = (
				AF99307B2946B1C100B7FD01 /* RickAndMortyApp.swift */,
				AF05942C294B955B0036CEF6 /* Models */,
				AF9930912946B63F00B7FD01 /* Views */,
				AF05942D294B956B0036CEF6 /* PreviewContent */,
				AF9930982946CD3800B7FD01 /* Shared */,
				AF05942E294B95F60036CEF6 /* Ressources */,
				AF9930812946B1C300B7FD01 /* Preview Content */,
				AF0594242947CCAB0036CEF6 /* RickAndMortyTests */,
			);
			path = RickAndMorty;
			sourceTree = "<group>";
		};
		AF9930812946B1C300B7FD01 /* Preview Content */ = {
			isa = PBXGroup;
			children = (
				AF9930822946B1C300B7FD01 /* Preview Assets.xcassets */,
				AFD5EBCB294BA24100E6DF7A /* TestDownloader.swift */,
				AFD5EBC9294B9FC600E6DF7A /* TestData.swift */,
			);
			path = "Preview Content";
			sourceTree = "<group>";
		};
		AF9930912946B63F00B7FD01 /* Views */ = {
			isa = PBXGroup;
			children = (
				AF99307D2946B1C100B7FD01 /* Characters.swift */,
				AF99308D2946B3C100B7FD01 /* CharacterRow.swift */,
				AF99308F2946B5CB00B7FD01 /* CharacterDetails.swift */,
				AFD5EBD9294BAB0E00E6DF7A /* ToolbarContent */,
			);
			path = Views;
			sourceTree = "<group>";
		};
		AF9930982946CD3800B7FD01 /* Shared */ = {
			isa = PBXGroup;
			children = (
				AF9930962946C68D00B7FD01 /* AvatarUi.swift */,
				AFD5EBE6294CC2D300E6DF7A /* DateFormatter+Iso8601Full.swift */,
			);
			path = Shared;
			sourceTree = "<group>";
		};
		AFD5EBD9294BAB0E00E6DF7A /* ToolbarContent */ = {
			isa = PBXGroup;
			children = (
				AFD5EBDA294BAB0E00E6DF7A /* EditButton.swift */,
				AFD5EBDB294BAB0E00E6DF7A /* SelectButton.swift */,
				AFD5EBDC294BAB0E00E6DF7A /* RefreshButton.swift */,
				AFD5EBDD294BAB0E00E6DF7A /* DeleteButton.swift */,
				AFD5EBDE294BAB0E00E6DF7A /* Characters+Toolbar.swift */,
				AFD5EBDF294BAB0E00E6DF7A /* ToolbarStatus.swift */,
			);
			path = ToolbarContent;
			sourceTree = "<group>";
		};
/* End PBXGroup section */

/* Begin PBXNativeTarget section */
		AF0594222947CCAB0036CEF6 /* RickAndMortyTests */ = {
			isa = PBXNativeTarget;
			buildConfigurationList = AF05942B2947CCAB0036CEF6 /* Build configuration list for PBXNativeTarget "RickAndMortyTests" */;
			buildPhases = (
				AF05941F2947CCAB0036CEF6 /* Sources */,
				AF0594202947CCAB0036CEF6 /* Frameworks */,
				AF0594212947CCAB0036CEF6 /* Resources */,
			);
			buildRules = (
			);
			dependencies = (
				AF0594282947CCAB0036CEF6 /* PBXTargetDependency */,
			);
			name = RickAndMortyTests;
			productName = RickAndMortyTests;
			productReference = AF0594232947CCAB0036CEF6 /* RickAndMortyTests.xctest */;
			productType = "com.apple.product-type.bundle.unit-test";
		};
		AF9930772946B1C100B7FD01 /* RickAndMorty */ = {
			isa = PBXNativeTarget;
			buildConfigurationList = AF9930862946B1C300B7FD01 /* Build configuration list for PBXNativeTarget "RickAndMorty" */;
			buildPhases = (
				AF9930742946B1C100B7FD01 /* Sources */,
				AF9930752946B1C100B7FD01 /* Frameworks */,
				AF9930762946B1C100B7FD01 /* Resources */,
			);
			buildRules = (
			);
			dependencies = (
			);
			name = RickAndMorty;
			productName = RickAndMorty;
			productReference = AF9930782946B1C100B7FD01 /* RickAndMorty.app */;
			productType = "com.apple.product-type.application";
		};
/* End PBXNativeTarget section */

/* Begin PBXProject section */
		AF9930702946B1C100B7FD01 /* Project object */ = {
			isa = PBXProject;
			attributes = {
				BuildIndependentTargetsInParallel = 1;
				LastSwiftUpdateCheck = 1410;
				LastUpgradeCheck = 1410;
				TargetAttributes = {
					AF0594222947CCAB0036CEF6 = {
						CreatedOnToolsVersion = 14.1;
						TestTargetID = AF9930772946B1C100B7FD01;
					};
					AF9930772946B1C100B7FD01 = {
						CreatedOnToolsVersion = 14.1;
					};
				};
			};
			buildConfigurationList = AF9930732946B1C100B7FD01 /* Build configuration list for PBXProject "RickAndMorty" */;
			compatibilityVersion = "Xcode 14.0";
			developmentRegion = en;
			hasScannedForEncodings = 0;
			knownRegions = (
				en,
				Base,
			);
			mainGroup = AF99306F2946B1C100B7FD01;
			productRefGroup = AF9930792946B1C100B7FD01 /* Products */;
			projectDirPath = "";
			projectRoot = "";
			targets = (
				AF9930772946B1C100B7FD01 /* RickAndMorty */,
				AF0594222947CCAB0036CEF6 /* RickAndMortyTests */,
			);
		};
/* End PBXProject section */

/* Begin PBXResourcesBuildPhase section */
		AF0594212947CCAB0036CEF6 /* Resources */ = {
			isa = PBXResourcesBuildPhase;
			buildActionMask = 2147483647;
			files = (
			);
			runOnlyForDeploymentPostprocessing = 0;
		};
		AF9930762946B1C100B7FD01 /* Resources */ = {
			isa = PBXResourcesBuildPhase;
			buildActionMask = 2147483647;
			files = (
				AF72C77F29574F5D007A2CA8 /* LaunchScreen.storyboard in Resources */,
				AF9930832946B1C300B7FD01 /* Preview Assets.xcassets in Resources */,
				AF72C78129574F6E007A2CA8 /* rick_and_morty.png in Resources */,
				AF9930802946B1C300B7FD01 /* Assets.xcassets in Resources */,
			);
			runOnlyForDeploymentPostprocessing = 0;
		};
/* End PBXResourcesBuildPhase section */

/* Begin PBXSourcesBuildPhase section */
		AF05941F2947CCAB0036CEF6 /* Sources */ = {
			isa = PBXSourcesBuildPhase;
			buildActionMask = 2147483647;
			files = (
				AF0594262947CCAB0036CEF6 /* RickAndMortyTests.swift in Sources */,
			);
			runOnlyForDeploymentPostprocessing = 0;
		};
		AF9930742946B1C100B7FD01 /* Sources */ = {
			isa = PBXSourcesBuildPhase;
			buildActionMask = 2147483647;
			files = (
				AFD5EBD8294BA9E900E6DF7A /* CharacterProvider.swift in Sources */,
				AFD5EBE2294BAB0E00E6DF7A /* RefreshButton.swift in Sources */,
				AF99308E2946B3C100B7FD01 /* CharacterRow.swift in Sources */,
				AFD5EBD5294BA2DF00E6DF7A /* NSCache+Subscript.swift in Sources */,
				AFD5EBCA294B9FC600E6DF7A /* TestData.swift in Sources */,
				AFD5EBD2294BA29900E6DF7A /* CharacterClient.swift in Sources */,
				AFD5EBE1294BAB0E00E6DF7A /* SelectButton.swift in Sources */,
				AFD5EBCC294BA24100E6DF7A /* TestDownloader.swift in Sources */,
				AF99307E2946B1C100B7FD01 /* Characters.swift in Sources */,
				AFD5EBE5294BAB0E00E6DF7A /* ToolbarStatus.swift in Sources */,
				AFD5EBD0294BA27E00E6DF7A /* CharacterError.swift in Sources */,
				AFD5EBE7294CC2D300E6DF7A /* DateFormatter+Iso8601Full.swift in Sources */,
				AFD5EBE3294BAB0E00E6DF7A /* DeleteButton.swift in Sources */,
				AF9930972946C68D00B7FD01 /* AvatarUi.swift in Sources */,
				AFD5EBE4294BAB0E00E6DF7A /* Characters+Toolbar.swift in Sources */,
				AF72C7A629634CFB007A2CA8 /* RMCharacter+Preview.swift in Sources */,
				AF99307C2946B1C100B7FD01 /* RickAndMortyApp.swift in Sources */,
				AFD5EBE0294BAB0E00E6DF7A /* EditButton.swift in Sources */,
				AF99308C2946B2BA00B7FD01 /* Character.swift in Sources */,
				AFD5EBCE294BA25500E6DF7A /* HTTPDataDownloader.swift in Sources */,
				AFD5EBD6294BA2DF00E6DF7A /* CacheEntryObject.swift in Sources */,
				AF9930902946B5CB00B7FD01 /* CharacterDetails.swift in Sources */,
			);
			runOnlyForDeploymentPostprocessing = 0;
		};
/* End PBXSourcesBuildPhase section */

/* Begin PBXTargetDependency section */
		AF0594282947CCAB0036CEF6 /* PBXTargetDependency */ = {
			isa = PBXTargetDependency;
			target = AF9930772946B1C100B7FD01 /* RickAndMorty */;
			targetProxy = AF0594272947CCAB0036CEF6 /* PBXContainerItemProxy */;
		};
/* End PBXTargetDependency section */

/* Begin XCBuildConfiguration section */
		AF0594292947CCAB0036CEF6 /* Debug */ = {
			isa = XCBuildConfiguration;
			buildSettings = {
				BUNDLE_LOADER = "$(TEST_HOST)";
				CODE_SIGN_STYLE = Automatic;
				CURRENT_PROJECT_VERSION = 1;
				DEVELOPMENT_TEAM = TPR24Z5M9G;
				GENERATE_INFOPLIST_FILE = YES;
				MARKETING_VERSION = 1.0;
				PRODUCT_BUNDLE_IDENTIFIER = Sw.RickAndMortyTests;
				PRODUCT_NAME = "$(TARGET_NAME)";
				SWIFT_EMIT_LOC_STRINGS = NO;
				SWIFT_VERSION = 5.0;
				TARGETED_DEVICE_FAMILY = "1,2";
				TEST_HOST = "$(BUILT_PRODUCTS_DIR)/RickAndMorty.app/$(BUNDLE_EXECUTABLE_FOLDER_PATH)/RickAndMorty";
			};
			name = Debug;
		};
		AF05942A2947CCAB0036CEF6 /* Release */ = {
			isa = XCBuildConfiguration;
			buildSettings = {
				BUNDLE_LOADER = "$(TEST_HOST)";
				CODE_SIGN_STYLE = Automatic;
				CURRENT_PROJECT_VERSION = 1;
				DEVELOPMENT_TEAM = TPR24Z5M9G;
				GENERATE_INFOPLIST_FILE = YES;
				MARKETING_VERSION = 1.0;
				PRODUCT_BUNDLE_IDENTIFIER = Sw.RickAndMortyTests;
				PRODUCT_NAME = "$(TARGET_NAME)";
				SWIFT_EMIT_LOC_STRINGS = NO;
				SWIFT_VERSION = 5.0;
				TARGETED_DEVICE_FAMILY = "1,2";
				TEST_HOST = "$(BUILT_PRODUCTS_DIR)/RickAndMorty.app/$(BUNDLE_EXECUTABLE_FOLDER_PATH)/RickAndMorty";
			};
			name = Release;
		};
		AF9930842946B1C300B7FD01 /* Debug */ = {
			isa = XCBuildConfiguration;
			buildSettings = {
				ALWAYS_SEARCH_USER_PATHS = NO;
				CLANG_ANALYZER_NONNULL = YES;
				CLANG_ANALYZER_NUMBER_OBJECT_CONVERSION = YES_AGGRESSIVE;
				CLANG_CXX_LANGUAGE_STANDARD = "gnu++20";
				CLANG_ENABLE_MODULES = YES;
				CLANG_ENABLE_OBJC_ARC = YES;
				CLANG_ENABLE_OBJC_WEAK = YES;
				CLANG_WARN_BLOCK_CAPTURE_AUTORELEASING = YES;
				CLANG_WARN_BOOL_CONVERSION = YES;
				CLANG_WARN_COMMA = YES;
				CLANG_WARN_CONSTANT_CONVERSION = YES;
				CLANG_WARN_DEPRECATED_OBJC_IMPLEMENTATIONS = YES;
				CLANG_WARN_DIRECT_OBJC_ISA_USAGE = YES_ERROR;
				CLANG_WARN_DOCUMENTATION_COMMENTS = YES;
				CLANG_WARN_EMPTY_BODY = YES;
				CLANG_WARN_ENUM_CONVERSION = YES;
				CLANG_WARN_INFINITE_RECURSION = YES;
				CLANG_WARN_INT_CONVERSION = YES;
				CLANG_WARN_NON_LITERAL_NULL_CONVERSION = YES;
				CLANG_WARN_OBJC_IMPLICIT_RETAIN_SELF = YES;
				CLANG_WARN_OBJC_LITERAL_CONVERSION = YES;
				CLANG_WARN_OBJC_ROOT_CLASS = YES_ERROR;
				CLANG_WARN_QUOTED_INCLUDE_IN_FRAMEWORK_HEADER = YES;
				CLANG_WARN_RANGE_LOOP_ANALYSIS = YES;
				CLANG_WARN_STRICT_PROTOTYPES = YES;
				CLANG_WARN_SUSPICIOUS_MOVE = YES;
				CLANG_WARN_UNGUARDED_AVAILABILITY = YES_AGGRESSIVE;
				CLANG_WARN_UNREACHABLE_CODE = YES;
				CLANG_WARN__DUPLICATE_METHOD_MATCH = YES;
				COPY_PHASE_STRIP = NO;
				DEBUG_INFORMATION_FORMAT = dwarf;
				ENABLE_STRICT_OBJC_MSGSEND = YES;
				ENABLE_TESTABILITY = YES;
				GCC_C_LANGUAGE_STANDARD = gnu11;
				GCC_DYNAMIC_NO_PIC = NO;
				GCC_NO_COMMON_BLOCKS = YES;
				GCC_OPTIMIZATION_LEVEL = 0;
				GCC_PREPROCESSOR_DEFINITIONS = (
					"DEBUG=1",
					"$(inherited)",
				);
				GCC_WARN_64_TO_32_BIT_CONVERSION = YES;
				GCC_WARN_ABOUT_RETURN_TYPE = YES_ERROR;
				GCC_WARN_UNDECLARED_SELECTOR = YES;
				GCC_WARN_UNINITIALIZED_AUTOS = YES_AGGRESSIVE;
				GCC_WARN_UNUSED_FUNCTION = YES;
				GCC_WARN_UNUSED_VARIABLE = YES;
				IPHONEOS_DEPLOYMENT_TARGET = 16.1;
				MTL_ENABLE_DEBUG_INFO = INCLUDE_SOURCE;
				MTL_FAST_MATH = YES;
				ONLY_ACTIVE_ARCH = YES;
				SDKROOT = iphoneos;
				SWIFT_ACTIVE_COMPILATION_CONDITIONS = DEBUG;
				SWIFT_OPTIMIZATION_LEVEL = "-Onone";
			};
			name = Debug;
		};
		AF9930852946B1C300B7FD01 /* Release */ = {
			isa = XCBuildConfiguration;
			buildSettings = {
				ALWAYS_SEARCH_USER_PATHS = NO;
				CLANG_ANALYZER_NONNULL = YES;
				CLANG_ANALYZER_NUMBER_OBJECT_CONVERSION = YES_AGGRESSIVE;
				CLANG_CXX_LANGUAGE_STANDARD = "gnu++20";
				CLANG_ENABLE_MODULES = YES;
				CLANG_ENABLE_OBJC_ARC = YES;
				CLANG_ENABLE_OBJC_WEAK = YES;
				CLANG_WARN_BLOCK_CAPTURE_AUTORELEASING = YES;
				CLANG_WARN_BOOL_CONVERSION = YES;
				CLANG_WARN_COMMA = YES;
				CLANG_WARN_CONSTANT_CONVERSION = YES;
				CLANG_WARN_DEPRECATED_OBJC_IMPLEMENTATIONS = YES;
				CLANG_WARN_DIRECT_OBJC_ISA_USAGE = YES_ERROR;
				CLANG_WARN_DOCUMENTATION_COMMENTS = YES;
				CLANG_WARN_EMPTY_BODY = YES;
				CLANG_WARN_ENUM_CONVERSION = YES;
				CLANG_WARN_INFINITE_RECURSION = YES;
				CLANG_WARN_INT_CONVERSION = YES;
				CLANG_WARN_NON_LITERAL_NULL_CONVERSION = YES;
				CLANG_WARN_OBJC_IMPLICIT_RETAIN_SELF = YES;
				CLANG_WARN_OBJC_LITERAL_CONVERSION = YES;
				CLANG_WARN_OBJC_ROOT_CLASS = YES_ERROR;
				CLANG_WARN_QUOTED_INCLUDE_IN_FRAMEWORK_HEADER = YES;
				CLANG_WARN_RANGE_LOOP_ANALYSIS = YES;
				CLANG_WARN_STRICT_PROTOTYPES = YES;
				CLANG_WARN_SUSPICIOUS_MOVE = YES;
				CLANG_WARN_UNGUARDED_AVAILABILITY = YES_AGGRESSIVE;
				CLANG_WARN_UNREACHABLE_CODE = YES;
				CLANG_WARN__DUPLICATE_METHOD_MATCH = YES;
				COPY_PHASE_STRIP = NO;
				DEBUG_INFORMATION_FORMAT = "dwarf-with-dsym";
				ENABLE_NS_ASSERTIONS = NO;
				ENABLE_STRICT_OBJC_MSGSEND = YES;
				GCC_C_LANGUAGE_STANDARD = gnu11;
				GCC_NO_COMMON_BLOCKS = YES;
				GCC_WARN_64_TO_32_BIT_CONVERSION = YES;
				GCC_WARN_ABOUT_RETURN_TYPE = YES_ERROR;
				GCC_WARN_UNDECLARED_SELECTOR = YES;
				GCC_WARN_UNINITIALIZED_AUTOS = YES_AGGRESSIVE;
				GCC_WARN_UNUSED_FUNCTION = YES;
				GCC_WARN_UNUSED_VARIABLE = YES;
				IPHONEOS_DEPLOYMENT_TARGET = 16.1;
				MTL_ENABLE_DEBUG_INFO = NO;
				MTL_FAST_MATH = YES;
				SDKROOT = iphoneos;
				SWIFT_COMPILATION_MODE = wholemodule;
				SWIFT_OPTIMIZATION_LEVEL = "-O";
				VALIDATE_PRODUCT = YES;
			};
			name = Release;
		};
		AF9930872946B1C300B7FD01 /* Debug */ = {
			isa = XCBuildConfiguration;
			buildSettings = {
				ASSETCATALOG_COMPILER_APPICON_NAME = AppIcon;
				ASSETCATALOG_COMPILER_GLOBAL_ACCENT_COLOR_NAME = AccentColor;
				CODE_SIGN_STYLE = Automatic;
				CURRENT_PROJECT_VERSION = 1;
				DEVELOPMENT_ASSET_PATHS = "\"RickAndMorty/Preview Content\"";
				DEVELOPMENT_TEAM = TPR24Z5M9G;
				ENABLE_PREVIEWS = YES;
				GENERATE_INFOPLIST_FILE = YES;
				INFOPLIST_KEY_LSApplicationCategoryType = "public.app-category.utilities";
				INFOPLIST_KEY_UIApplicationSceneManifest_Generation = YES;
				INFOPLIST_KEY_UIApplicationSupportsIndirectInputEvents = YES;
				INFOPLIST_KEY_UILaunchScreen_Generation = YES;
				INFOPLIST_KEY_UILaunchStoryboardName = LaunchScreen.storyboard;
				INFOPLIST_KEY_UISupportedInterfaceOrientations = UIInterfaceOrientationPortrait;
				LD_RUNPATH_SEARCH_PATHS = (
					"$(inherited)",
					"@executable_path/Frameworks",
				);
				MARKETING_VERSION = 1.0;
				PRODUCT_BUNDLE_IDENTIFIER = Sw.RickAndMorty;
				PRODUCT_NAME = "$(TARGET_NAME)";
				SUPPORTED_PLATFORMS = "iphoneos iphonesimulator";
				SUPPORTS_MACCATALYST = NO;
				SUPPORTS_MAC_DESIGNED_FOR_IPHONE_IPAD = NO;
				SWIFT_EMIT_LOC_STRINGS = YES;
				SWIFT_VERSION = 5.0;
				TARGETED_DEVICE_FAMILY = 1;
			};
			name = Debug;
		};
		AF9930882946B1C300B7FD01 /* Release */ = {
			isa = XCBuildConfiguration;
			buildSettings = {
				ASSETCATALOG_COMPILER_APPICON_NAME = AppIcon;
				ASSETCATALOG_COMPILER_GLOBAL_ACCENT_COLOR_NAME = AccentColor;
				CODE_SIGN_STYLE = Automatic;
				CURRENT_PROJECT_VERSION = 1;
				DEVELOPMENT_ASSET_PATHS = "\"RickAndMorty/Preview Content\"";
				DEVELOPMENT_TEAM = TPR24Z5M9G;
				ENABLE_PREVIEWS = YES;
				GENERATE_INFOPLIST_FILE = YES;
				INFOPLIST_KEY_LSApplicationCategoryType = "public.app-category.utilities";
				INFOPLIST_KEY_UIApplicationSceneManifest_Generation = YES;
				INFOPLIST_KEY_UIApplicationSupportsIndirectInputEvents = YES;
				INFOPLIST_KEY_UILaunchScreen_Generation = YES;
				INFOPLIST_KEY_UILaunchStoryboardName = LaunchScreen.storyboard;
				INFOPLIST_KEY_UISupportedInterfaceOrientations = UIInterfaceOrientationPortrait;
				LD_RUNPATH_SEARCH_PATHS = (
					"$(inherited)",
					"@executable_path/Frameworks",
				);
				MARKETING_VERSION = 1.0;
				PRODUCT_BUNDLE_IDENTIFIER = Sw.RickAndMorty;
				PRODUCT_NAME = "$(TARGET_NAME)";
				SUPPORTED_PLATFORMS = "iphoneos iphonesimulator";
				SUPPORTS_MACCATALYST = NO;
				SUPPORTS_MAC_DESIGNED_FOR_IPHONE_IPAD = NO;
				SWIFT_EMIT_LOC_STRINGS = YES;
				SWIFT_VERSION = 5.0;
				TARGETED_DEVICE_FAMILY = 1;
			};
			name = Release;
		};
/* End XCBuildConfiguration section */

/* Begin XCConfigurationList section */
		AF05942B2947CCAB0036CEF6 /* Build configuration list for PBXNativeTarget "RickAndMortyTests" */ = {
			isa = XCConfigurationList;
			buildConfigurations = (
				AF0594292947CCAB0036CEF6 /* Debug */,
				AF05942A2947CCAB0036CEF6 /* Release */,
			);
			defaultConfigurationIsVisible = 0;
			defaultConfigurationName = Release;
		};
		AF9930732946B1C100B7FD01 /* Build configuration list for PBXProject "RickAndMorty" */ = {
			isa = XCConfigurationList;
			buildConfigurations = (
				AF9930842946B1C300B7FD01 /* Debug */,
				AF9930852946B1C300B7FD01 /* Release */,
			);
			defaultConfigurationIsVisible = 0;
			defaultConfigurationName = Release;
		};
		AF9930862946B1C300B7FD01 /* Build configuration list for PBXNativeTarget "RickAndMorty" */ = {
			isa = XCConfigurationList;
			buildConfigurations = (
				AF9930872946B1C300B7FD01 /* Debug */,
				AF9930882946B1C300B7FD01 /* Release */,
			);
			defaultConfigurationIsVisible = 0;
			defaultConfigurationName = Release;
		};
/* End XCConfigurationList section */
	};
	rootObject = AF9930702946B1C100B7FD01 /* Project object */;
}
